<?xml version="1.0" encoding="utf-8"?>
<Project ToolsVersion="4.0" xmlns="http://schemas.microsoft.com/developer/msbuild/2003">
  <ItemGroup>
    <Filter Include="Engine">
      <UniqueIdentifier>{20000000-0000-0000-0000-000000000000}</UniqueIdentifier>
    </Filter>
    <Filter Include="Engine\Framework">
      <UniqueIdentifier>{20000000-0000-0000-0000-000000000001}</UniqueIdentifier>
    </Filter>
    <Filter Include="Engine\Core">
      <UniqueIdentifier>{20000000-0000-0000-0000-000000000002}</UniqueIdentifier>
    </Filter>
    <Filter Include="Engine\World">
      <UniqueIdentifier>{20000000-0000-0000-0000-000000000003}</UniqueIdentifier>
    </Filter>
    <Filter Include="Engine\Mesh">
      <UniqueIdentifier>{20000000-0000-0000-0000-000000000004}</UniqueIdentifier>
    </Filter>
    <Filter Include="Engine\Rasterizer">
      <UniqueIdentifier>{20000000-0000-0000-0000-000000000005}</UniqueIdentifier>
    </Filter>
    <Filter Include="Engine\Render">
      <UniqueIdentifier>{20000000-0000-0000-0000-000000000006}</UniqueIdentifier>
    </Filter>
    <Filter Include="Engine\RayTracing">
      <UniqueIdentifier>{20000000-0000-0000-0000-000000000007}</UniqueIdentifier>
    </Filter>
    <Filter Include="Engine\Acceleration">
      <UniqueIdentifier>{20000000-0000-0000-0000-000000000008}</UniqueIdentifier>
    </Filter>
    <Filter Include="Engine\Threading">
      <UniqueIdentifier>{20000000-0000-0000-0000-000000000009}</UniqueIdentifier>
    </Filter>
    <Filter Include="Engine\Serialization">
      <UniqueIdentifier>{20000000-0000-0000-0000-000000000020}</UniqueIdentifier>
    </Filter>
    <Filter Include="Engine\Import">
      <UniqueIdentifier>{20000000-0000-0000-0000-00000000000a}</UniqueIdentifier>
    </Filter>
    <Filter Include="Engine\Editor">
      <UniqueIdentifier>{20000000-0000-0000-0000-00000000000b}</UniqueIdentifier>
    </Filter>
    <Filter Include="Engine\Editor\External\imgui">
      <UniqueIdentifier>{20000000-0000-0000-0000-00000000000c}</UniqueIdentifier>
    </Filter>
    <Filter Include="Engine\Editor\External\imgui\backends">
      <UniqueIdentifier>{20000000-0000-0000-0000-00000000000d}</UniqueIdentifier>
    </Filter>
    <Filter Include="Engine\Light">
      <UniqueIdentifier>{20000000-0000-0000-0000-00000000000e}</UniqueIdentifier>
    </Filter>
    <Filter Include="Engine\Physics">
      <UniqueIdentifier>{20000000-0000-0000-0000-00000000000f}</UniqueIdentifier>
    </Filter>
    <Filter Include="Engine\Player">
      <UniqueIdentifier>{20000000-0000-0000-0000-000000000010}</UniqueIdentifier>
    </Filter>
    <Filter Include="Engine\Script">
      <UniqueIdentifier>{20000000-0000-0000-0000-000000000021}</UniqueIdentifier>
    </Filter>
    <Filter Include="ThirdParty\Lua\5.4.9">
      <UniqueIdentifier>{20000000-0000-0000-0000-000000000022}</UniqueIdentifier>
    </Filter>
    <Filter Include="Content\Scripts">
      <UniqueIdentifier>{20000000-0000-0000-0000-000000000023}</UniqueIdentifier>
    </Filter>
  </ItemGroup>
  <ItemGroup>
    <!-- Framework -->
    <ClCompile Include="Engine\Framework\Engine.cpp"><Filter>Engine\Framework</Filter></ClCompile>
    <ClCompile Include="Engine\Framework\GameEngine.cpp"><Filter>Engine\Framework</Filter></ClCompile>
    <ClCompile Include="Engine\Framework\BuildManager.cpp"><Filter>Engine\Framework</Filter></ClCompile>
    <ClCompile Include="Engine\Framework\FProjectDescriptor.cpp"><Filter>Engine\Framework</Filter></ClCompile>
    <ClCompile Include="Engine\Framework\USubsystemManager.cpp"><Filter>Engine\Framework</Filter></ClCompile>
    <ClCompile Include="Engine\Script\FLuaBindingRegistry.cpp"><Filter>Engine\Script</Filter></ClCompile>
    <ClCompile Include="Engine\Script\UScriptSubsystem.cpp"><Filter>Engine\Script</Filter></ClCompile>
    <ClCompile Include="Engine\Script\FLuaScriptCache.cpp"><Filter>Engine\Script</Filter></ClCompile>
    <ClCompile Include="Engine\Script\FLuaScriptInstance.cpp"><Filter>Engine\Script</Filter></ClCompile>
    <ClCompile Include="Engine\Script\FScriptPath.cpp"><Filter>Engine\Script</Filter></ClCompile>
    <ClCompile Include="Engine\Script\UScriptComponent.cpp"><Filter>Engine\Script</Filter></ClCompile>
    <!-- Core -->
    <ClCompile Include="Engine\Core\FFeatureLifecycle.cpp"><Filter>Engine\Core</Filter></ClCompile>
    <ClCompile Include="Engine\Core\UScene.cpp"><Filter>Engine\Core</Filter></ClCompile>
    <ClCompile Include="Engine\Core\UPostProcessFilter.cpp"><Filter>Engine\Core</Filter></ClCompile>
    <!-- World -->
    <ClCompile Include="Engine\World\AActor.cpp"><Filter>Engine\World</Filter></ClCompile>
    <ClCompile Include="Engine\World\USceneComponent.cpp"><Filter>Engine\World</Filter></ClCompile>
    <ClCompile Include="Engine\World\UActorComponent.cpp"><Filter>Engine\World</Filter></ClCompile>
    <ClCompile Include="Engine\Serialization\FArchive.cpp"><Filter>Engine\Serialization</Filter></ClCompile>
    <ClCompile Include="Engine\Serialization\FWorldSerializer.cpp"><Filter>Engine\Serialization</Filter></ClCompile>
    <ClCompile Include="Engine\Serialization\FIniFile.cpp"><Filter>Engine\Serialization</Filter></ClCompile>
    <ClCompile Include="Engine\Mesh\Material.cpp"><Filter>Engine\Mesh</Filter></ClCompile>
    <ClCompile Include="Engine\World\ACamera.cpp"><Filter>Engine\World</Filter></ClCompile>
    <ClCompile Include="Engine\World\UWorld.cpp"><Filter>Engine\World</Filter></ClCompile>
    <!-- Mesh -->
    <ClCompile Include="Engine\Mesh\UMesh.cpp"><Filter>Engine\Mesh</Filter></ClCompile>
    <ClCompile Include="Engine\Mesh\UMaterial.cpp"><Filter>Engine\Mesh</Filter></ClCompile>
    <ClCompile Include="Engine\Mesh\UMeshComponent.cpp"><Filter>Engine\Mesh</Filter></ClCompile>
    <!-- Rasterizer -->
    <ClCompile Include="Engine\Rasterizer\FTransform.cpp"><Filter>Engine\Rasterizer</Filter></ClCompile>
    <ClCompile Include="Engine\Rasterizer\URasterizer.cpp"><Filter>Engine\Rasterizer</Filter></ClCompile>
    <!-- Render -->
    <ClCompile Include="Engine\Render\FGraphicsCapabilities.cpp"><Filter>Engine\Render</Filter></ClCompile>
    <ClCompile Include="Engine\Render\FRenderScene.cpp"><Filter>Engine\Render</Filter></ClCompile>
    <ClCompile Include="Engine\Render\UHardwareGBuffer.cpp"><Filter>Engine\Render</Filter></ClCompile>
    <ClCompile Include="Engine\Render\URasterLightingPass.cpp"><Filter>Engine\Render</Filter></ClCompile>
    <ClCompile Include="Engine\Render\UHardwareRasterizer.cpp"><Filter>Engine\Render</Filter></ClCompile>
    <ClCompile Include="Engine\Render\FRenderTarget.cpp"><Filter>Engine\Render</Filter></ClCompile>
    <ClCompile Include="Engine\Render\FRenderPipelinePlan.cpp"><Filter>Engine\Render</Filter></ClCompile>
    <ClCompile Include="Engine\Render\UGPUMeshCache.cpp"><Filter>Engine\Render</Filter></ClCompile>
    <ClCompile Include="Engine\Render\URenderer.cpp"><Filter>Engine\Render</Filter></ClCompile>
    <ClCompile Include="Engine\Render\UWorldRenderer.cpp"><Filter>Engine\Render</Filter></ClCompile>
    <ClCompile Include="Engine\Render\USkyHDRI.cpp"><Filter>Engine\Render</Filter></ClCompile>
    <ClCompile Include="Engine\Render\UHybridPass.cpp"><Filter>Engine\Render</Filter></ClCompile>
    <!-- RayTracing -->
    <ClCompile Include="Engine\RayTracing\UMeshRayTracer.cpp"><Filter>Engine\RayTracing</Filter></ClCompile>
    <!-- Acceleration -->
    <ClCompile Include="Engine\Acceleration\BVH.cpp"><Filter>Engine\Acceleration</Filter></ClCompile>
    <!-- Import -->
    <ClCompile Include="Engine\Import\UObjImporter.cpp"><Filter>Engine\Import</Filter></ClCompile>
    <ClCompile Include="Engine\Import\UFbxImporter.cpp"><Filter>Engine\Import</Filter></ClCompile>
    <!-- Editor -->
    <ClCompile Include="Engine\Editor\EditorEngine.cpp"><Filter>Engine\Editor</Filter></ClCompile>
    <ClCompile Include="Engine\Editor\FEditorAssetWorkflow.cpp"><Filter>Engine\Editor</Filter></ClCompile>
    <ClCompile Include="Engine\Editor\FEditorScriptWorkflow.cpp"><Filter>Engine\Editor</Filter></ClCompile>
    <ClCompile Include="Engine\Editor\FFileDialog.cpp"><Filter>Engine\Editor</Filter></ClCompile>
    <ClCompile Include="Engine\Editor\FProcess.cpp"><Filter>Engine\Editor</Filter></ClCompile>
    <ClCompile Include="Engine\Editor\External\imgui\imgui.cpp"><Filter>Engine\Editor\External\imgui</Filter></ClCompile>
    <ClCompile Include="Engine\Editor\External\imgui\imgui_draw.cpp"><Filter>Engine\Editor\External\imgui</Filter></ClCompile>
    <ClCompile Include="Engine\Editor\External\imgui\imgui_tables.cpp"><Filter>Engine\Editor\External\imgui</Filter></ClCompile>
    <ClCompile Include="Engine\Editor\External\imgui\imgui_widgets.cpp"><Filter>Engine\Editor\External\imgui</Filter></ClCompile>
    <ClCompile Include="Engine\Editor\External\imgui\imgui_demo.cpp"><Filter>Engine\Editor\External\imgui</Filter></ClCompile>
    <ClCompile Include="Engine\Editor\External\imgui\backends\imgui_impl_glfw.cpp"><Filter>Engine\Editor\External\imgui\backends</Filter></ClCompile>
    <ClCompile Include="Engine\Editor\External\imgui\backends\imgui_impl_opengl3.cpp"><Filter>Engine\Editor\External\imgui\backends</Filter></ClCompile>
    <ClCompile Include="Engine\Editor\External\ImGuizmo\ImGuizmo.cpp"><Filter>Engine\Editor</Filter></ClCompile>
    <!-- Light -->
    <ClCompile Include="Engine\Light\ALight.cpp"><Filter>Engine\Light</Filter></ClCompile>
    <ClCompile Include="Engine\Light\EnvironmentLightComponent.cpp"><Filter>Engine\Light</Filter></ClCompile>
    <ClCompile Include="Engine\Light\LightComponent.cpp"><Filter>Engine\Light</Filter></ClCompile>
    <ClCompile Include="Engine\Light\PointLightComponent.cpp"><Filter>Engine\Light</Filter></ClCompile>
    <!-- Physics -->
    <ClCompile Include="Engine\Physics\UPrimitiveComponent.cpp"><Filter>Engine\Physics</Filter></ClCompile>
    <ClCompile Include="Engine\Physics\USphereComponent.cpp"><Filter>Engine\Physics</Filter></ClCompile>
    <ClCompile Include="Engine\Physics\UBoxComponent.cpp"><Filter>Engine\Physics</Filter></ClCompile>
    <ClCompile Include="Engine\Physics\UPhysicsWorld.cpp"><Filter>Engine\Physics</Filter></ClCompile>
    <!-- Player -->
    <ClCompile Include="Engine\Player\UPlayerCharacter.cpp"><Filter>Engine\Player</Filter></ClCompile>
    <ClCompile Include="Engine\Player\UPlayerController.cpp"><Filter>Engine\Player</Filter></ClCompile>
    <!-- Lua 5.4.9 library -->
    <ClCompile Include="ThirdParty\Lua\5.4.9\src\lapi.c"><Filter>ThirdParty\Lua\5.4.9</Filter></ClCompile>
    <ClCompile Include="ThirdParty\Lua\5.4.9\src\lauxlib.c"><Filter>ThirdParty\Lua\5.4.9</Filter></ClCompile>
    <ClCompile Include="ThirdParty\Lua\5.4.9\src\lbaselib.c"><Filter>ThirdParty\Lua\5.4.9</Filter></ClCompile>
    <ClCompile Include="ThirdParty\Lua\5.4.9\src\lcode.c"><Filter>ThirdParty\Lua\5.4.9</Filter></ClCompile>
    <ClCompile Include="ThirdParty\Lua\5.4.9\src\lcorolib.c"><Filter>ThirdParty\Lua\5.4.9</Filter></ClCompile>
    <ClCompile Include="ThirdParty\Lua\5.4.9\src\lctype.c"><Filter>ThirdParty\Lua\5.4.9</Filter></ClCompile>
    <ClCompile Include="ThirdParty\Lua\5.4.9\src\ldblib.c"><Filter>ThirdParty\Lua\5.4.9</Filter></ClCompile>
    <ClCompile Include="ThirdParty\Lua\5.4.9\src\ldebug.c"><Filter>ThirdParty\Lua\5.4.9</Filter></ClCompile>
    <ClCompile Include="ThirdParty\Lua\5.4.9\src\ldo.c"><Filter>ThirdParty\Lua\5.4.9</Filter></ClCompile>
    <ClCompile Include="ThirdParty\Lua\5.4.9\src\ldump.c"><Filter>ThirdParty\Lua\5.4.9</Filter></ClCompile>
    <ClCompile Include="ThirdParty\Lua\5.4.9\src\lfunc.c"><Filter>ThirdParty\Lua\5.4.9</Filter></ClCompile>
    <ClCompile Include="ThirdParty\Lua\5.4.9\src\lgc.c"><Filter>ThirdParty\Lua\5.4.9</Filter></ClCompile>
    <ClCompile Include="ThirdParty\Lua\5.4.9\src\linit.c"><Filter>ThirdParty\Lua\5.4.9</Filter></ClCompile>
    <ClCompile Include="ThirdParty\Lua\5.4.9\src\liolib.c"><Filter>ThirdParty\Lua\5.4.9</Filter></ClCompile>
    <ClCompile Include="ThirdParty\Lua\5.4.9\src\llex.c"><Filter>ThirdParty\Lua\5.4.9</Filter></ClCompile>
    <ClCompile Include="ThirdParty\Lua\5.4.9\src\lmathlib.c"><Filter>ThirdParty\Lua\5.4.9</Filter></ClCompile>
    <ClCompile Include="ThirdParty\Lua\5.4.9\src\lmem.c"><Filter>ThirdParty\Lua\5.4.9</Filter></ClCompile>
    <ClCompile Include="ThirdParty\Lua\5.4.9\src\loadlib.c"><Filter>ThirdParty\Lua\5.4.9</Filter></ClCompile>
    <ClCompile Include="ThirdParty\Lua\5.4.9\src\lobject.c"><Filter>ThirdParty\Lua\5.4.9</Filter></ClCompile>
    <ClCompile Include="ThirdParty\Lua\5.4.9\src\lopcodes.c"><Filter>ThirdParty\Lua\5.4.9</Filter></ClCompile>
    <ClCompile Include="ThirdParty\Lua\5.4.9\src\loslib.c"><Filter>ThirdParty\Lua\5.4.9</Filter></ClCompile>
    <ClCompile Include="ThirdParty\Lua\5.4.9\src\lparser.c"><Filter>ThirdParty\Lua\5.4.9</Filter></ClCompile>
    <ClCompile Include="ThirdParty\Lua\5.4.9\src\lstate.c"><Filter>ThirdParty\Lua\5.4.9</Filter></ClCompile>
    <ClCompile Include="ThirdParty\Lua\5.4.9\src\lstring.c"><Filter>ThirdParty\Lua\5.4.9</Filter></ClCompile>
    <ClCompile Include="ThirdParty\Lua\5.4.9\src\lstrlib.c"><Filter>ThirdParty\Lua\5.4.9</Filter></ClCompile>
    <ClCompile Include="ThirdParty\Lua\5.4.9\src\ltable.c"><Filter>ThirdParty\Lua\5.4.9</Filter></ClCompile>
    <ClCompile Include="ThirdParty\Lua\5.4.9\src\ltablib.c"><Filter>ThirdParty\Lua\5.4.9</Filter></ClCompile>
    <ClCompile Include="ThirdParty\Lua\5.4.9\src\ltm.c"><Filter>ThirdParty\Lua\5.4.9</Filter></ClCompile>
    <ClCompile Include="ThirdParty\Lua\5.4.9\src\lundump.c"><Filter>ThirdParty\Lua\5.4.9</Filter></ClCompile>
    <ClCompile Include="ThirdParty\Lua\5.4.9\src\lutf8lib.c"><Filter>ThirdParty\Lua\5.4.9</Filter></ClCompile>
    <ClCompile Include="ThirdParty\Lua\5.4.9\src\lvm.c"><Filter>ThirdParty\Lua\5.4.9</Filter></ClCompile>
    <ClCompile Include="ThirdParty\Lua\5.4.9\src\lzio.c"><Filter>ThirdParty\Lua\5.4.9</Filter></ClCompile>
  </ItemGroup>
  <ItemGroup>
    <!-- Framework -->
    <ClInclude Include="Engine\Framework\Engine.h"><Filter>Engine\Framework</Filter></ClInclude>
    <ClInclude Include="Engine\Framework\GameEngine.h"><Filter>Engine\Framework</Filter></ClInclude>
    <ClInclude Include="Engine\Framework\BuildManager.h"><Filter>Engine\Framework</Filter></ClInclude>
    <ClInclude Include="Engine\Framework\FProjectDescriptor.h"><Filter>Engine\Framework</Filter></ClInclude>
    <ClInclude Include="Engine\Framework\USubsystem.h"><Filter>Engine\Framework</Filter></ClInclude>
    <ClInclude Include="Engine\Framework\USubsystemManager.h"><Filter>Engine\Framework</Filter></ClInclude>
    <!-- Core -->
    <ClInclude Include="Engine\Core\EngineVersion.h"><Filter>Engine\Core</Filter></ClInclude>
    <ClInclude Include="Engine\Core\FFeatureLifecycle.h"><Filter>Engine\Core</Filter></ClInclude>
    <ClInclude Include="Engine\Core\UScene.h"><Filter>Engine\Core</Filter></ClInclude>
    <ClInclude Include="Engine\Core\UPostProcessFilter.h"><Filter>Engine\Core</Filter></ClInclude>
    <!-- World -->
    <ClInclude Include="Engine\World\AActor.h"><Filter>Engine\World</Filter></ClInclude>
    <ClInclude Include="Engine\World\USceneComponent.h"><Filter>Engine\World</Filter></ClInclude>
    <ClInclude Include="Engine\World\UActorComponent.h"><Filter>Engine\World</Filter></ClInclude>
    <ClInclude Include="Engine\Serialization\FArchive.h"><Filter>Engine\Serialization</Filter></ClInclude>
    <ClInclude Include="Engine\Serialization\FWorldSerializer.h"><Filter>Engine\Serialization</Filter></ClInclude>
    <ClInclude Include="Engine\Serialization\FIniFile.h"><Filter>Engine\Serialization</Filter></ClInclude>
    <ClInclude Include="Engine\World\ACamera.h"><Filter>Engine\World</Filter></ClInclude>
    <ClInclude Include="Engine\World\UWorld.h"><Filter>Engine\World</Filter></ClInclude>
    <!-- Mesh -->
    <ClInclude Include="Engine\Mesh\Vertex.h"><Filter>Engine\Mesh</Filter></ClInclude>
    <ClInclude Include="Engine\Mesh\Material.h"><Filter>Engine\Mesh</Filter></ClInclude>
    <ClInclude Include="Engine\Mesh\UMesh.h"><Filter>Engine\Mesh</Filter></ClInclude>
    <ClInclude Include="Engine\Mesh\UMaterial.h"><Filter>Engine\Mesh</Filter></ClInclude>
    <ClInclude Include="Engine\Mesh\UMeshComponent.h"><Filter>Engine\Mesh</Filter></ClInclude>
    <!-- Rasterizer -->
    <ClInclude Include="Engine\Rasterizer\UFrameBuffer.h"><Filter>Engine\Rasterizer</Filter></ClInclude>
    <ClInclude Include="Engine\Rasterizer\FTransform.h"><Filter>Engine\Rasterizer</Filter></ClInclude>
    <ClInclude Include="Engine\Rasterizer\URasterizer.h"><Filter>Engine\Rasterizer</Filter></ClInclude>
    <ClInclude Include="Engine\Rasterizer\UGBuffer.h"><Filter>Engine\Rasterizer</Filter></ClInclude>
    <!-- Render -->
    <ClInclude Include="Engine\Render\FGraphicsCapabilities.h"><Filter>Engine\Render</Filter></ClInclude>
    <ClInclude Include="Engine\Render\FRenderOutputs.h"><Filter>Engine\Render</Filter></ClInclude>
    <ClInclude Include="Engine\Render\FRenderScene.h"><Filter>Engine\Render</Filter></ClInclude>
    <ClInclude Include="Engine\Render\UHardwareGBuffer.h"><Filter>Engine\Render</Filter></ClInclude>
    <ClInclude Include="Engine\Render\URasterLightingPass.h"><Filter>Engine\Render</Filter></ClInclude>
    <ClInclude Include="Engine\Render\UHardwareRasterizer.h"><Filter>Engine\Render</Filter></ClInclude>
    <ClInclude Include="Engine\Render\Shaders\HardwareRasterShaders.h"><Filter>Engine\Render</Filter></ClInclude>
    <ClInclude Include="Engine\Render\Shaders\RasterLightingShaders.h"><Filter>Engine\Render</Filter></ClInclude>
    <ClInclude Include="Engine\Render\FRenderTarget.h"><Filter>Engine\Render</Filter></ClInclude>
    <ClInclude Include="Engine\Render\FGPUMeshResource.h"><Filter>Engine\Render</Filter></ClInclude>
    <ClInclude Include="Engine\Render\FRenderFeatures.h"><Filter>Engine\Render</Filter></ClInclude>
    <ClInclude Include="Engine\Render\FRenderPipelinePlan.h"><Filter>Engine\Render</Filter></ClInclude>
    <ClInclude Include="Engine\Render\UGPUMeshCache.h"><Filter>Engine\Render</Filter></ClInclude>
    <ClInclude Include="Engine\Render\URenderer.h"><Filter>Engine\Render</Filter></ClInclude>
    <ClInclude Include="Engine\Render\UWorldRenderer.h"><Filter>Engine\Render</Filter></ClInclude>
    <ClInclude Include="Engine\Render\USkyHDRI.h"><Filter>Engine\Render</Filter></ClInclude>
    <ClInclude Include="Engine\Render\FRenderShowFlag.h"><Filter>Engine\Render</Filter></ClInclude>
    <ClInclude Include="Engine\Render\UHybridPass.h"><Filter>Engine\Render</Filter></ClInclude>
    <!-- RayTracing -->
    <ClInclude Include="Engine\RayTracing\UMeshRayTracer.h"><Filter>Engine\RayTracing</Filter></ClInclude>
    <ClInclude Include="Engine\RayTracing\RTShading.h"><Filter>Engine\RayTracing</Filter></ClInclude>
    <ClInclude Include="Engine\RayTracing\URay.h"><Filter>Engine\RayTracing</Filter></ClInclude>
    <!-- Acceleration -->
    <ClInclude Include="Engine\Acceleration\BVH.h"><Filter>Engine\Acceleration</Filter></ClInclude>
    <!-- Threading -->
    <ClInclude Include="Engine\Threading\ThreadPool.h"><Filter>Engine\Threading</Filter></ClInclude>
    <!-- Import -->
    <ClInclude Include="Engine\Import\UObjImporter.h"><Filter>Engine\Import</Filter></ClInclude>
    <ClInclude Include="Engine\Import\UFbxImporter.h"><Filter>Engine\Import</Filter></ClInclude>
    <!-- Editor -->
    <ClInclude Include="Engine\Editor\EditorEngine.h"><Filter>Engine\Editor</Filter></ClInclude>
    <ClInclude Include="Engine\Editor\FEditorAssetWorkflow.h"><Filter>Engine\Editor</Filter></ClInclude>
    <ClInclude Include="Engine\Editor\FFileDialog.h"><Filter>Engine\Editor</Filter></ClInclude>
    <ClInclude Include="Engine\Editor\FProcess.h"><Filter>Engine\Editor</Filter></ClInclude>
    <ClInclude Include="Engine\Editor\External\ImGuizmo\ImGuizmo.h"><Filter>Engine\Editor</Filter></ClInclude>
    <!-- Light -->
    <ClInclude Include="Engine\Light\ALight.h"><Filter>Engine\Light</Filter></ClInclude>
    <ClInclude Include="Engine\Light\EnvironmentLightComponent.h"><Filter>Engine\Light</Filter></ClInclude>
    <ClInclude Include="Engine\Light\LightComponent.h"><Filter>Engine\Light</Filter></ClInclude>
    <ClInclude Include="Engine\Light\PointLightComponent.h"><Filter>Engine\Light</Filter></ClInclude>
    <!-- Physics -->
    <ClInclude Include="Engine\Physics\UPrimitiveComponent.h"><Filter>Engine\Physics</Filter></ClInclude>
    <ClInclude Include="Engine\Physics\UShapeComponent.h"><Filter>Engine\Physics</Filter></ClInclude>
    <ClInclude Include="Engine\Physics\USphereComponent.h"><Filter>Engine\Physics</Filter></ClInclude>
    <ClInclude Include="Engine\Physics\UBoxComponent.h"><Filter>Engine\Physics</Filter></ClInclude>
    <ClInclude Include="Engine\Physics\UPhysicsWorld.h"><Filter>Engine\Physics</Filter></ClInclude>
    <!-- Player -->
    <ClInclude Include="Engine\Player\UPlayerCharacter.h"><Filter>Engine\Player</Filter></ClInclude>
    <ClInclude Include="Engine\Player\UPlayerController.h"><Filter>Engine\Player</Filter></ClInclude>
    <ClInclude Include="Engine\Script\LuaInclude.h"><Filter>Engine\Script</Filter></ClInclude>
    <ClInclude Include="Engine\Script\FLuaBindingRegistry.h"><Filter>Engine\Script</Filter></ClInclude>
    <ClInclude Include="Engine\Script\UScriptSubsystem.h"><Filter>Engine\Script</Filter></ClInclude>
    <ClInclude Include="Engine\Script\FLuaScriptAsset.h"><Filter>Engine\Script</Filter></ClInclude>
    <ClInclude Include="Engine\Script\FLuaScriptCache.h"><Filter>Engine\Script</Filter></ClInclude>
    <ClInclude Include="Engine\Script\FLuaScriptInstance.h"><Filter>Engine\Script</Filter></ClInclude>
    <ClInclude Include="Engine\Script\FScriptPath.h"><Filter>Engine\Script</Filter></ClInclude>
    <ClInclude Include="Engine\Script\UScriptComponent.h"><Filter>Engine\Script</Filter></ClInclude>
  </ItemGroup>
  <ItemGroup>
    <None Include="Content\Scripts\**\*.lua"><Filter>Content\Scripts</Filter></None>
  </ItemGroup>
</Project>
